
Microsoft Visual Studio Solution File, Format Version 12.00
Project("{FAE04EC0-301F-11D3-BF4B-00C04F79EFBC}") = "CompanyEmployees", "CompanyEmployees\CompanyEmployees.csproj", "{9F120D13-9525-442F-9FA8-C56945B0F0F9}"
EndProject
Project("{FAE04EC0-301F-11D3-BF4B-00C04F79EFBC}") = "Contracts", "Contracts\Contracts.csproj", "{C8374F4F-EBB9-4CBB-8C61-3B9AAF2BF9FF}"
EndProject
Project("{FAE04EC0-301F-11D3-BF4B-00C04F79EFBC}") = "LoggerService", "LoggerService\LoggerService.csproj", "{8809E4CD-6A4A-4F21-AFD1-9D7B41054120}"
EndProject
Project("{FAE04EC0-301F-11D3-BF4B-00C04F79EFBC}") = "Entities", "Entities\Entities.csproj", "{57282B04-9C6C-4F05-BDB9-240D4DC9AC29}"
EndProject
Project("{FAE04EC0-301F-11D3-BF4B-00C04F79EFBC}") = "Repository", "Repository\Repository.csproj", "{7879A258-C88D-478E-98BD-9AEEC5BD08E3}"
EndProject
Project("{2150E333-8FDC-42A3-9474-1A3956D46DE8}") = "Solution Items", "Solution Items", "{862BECCA-A34F-44E7-9260-A92174A1D6E9}"
	ProjectSection(SolutionItems) = preProject
		docker-compose.yml = docker-compose.yml
	EndProjectSection
EndProject
Project("{FAE04EC0-301F-11D3-BF4B-00C04F79EFBC}") = "Service.Contracts", "Service.Contracts\Service.Contracts.csproj", "{CC83F846-F1F7-4575-BEB7-03BB56438948}"
EndProject
Project("{FAE04EC0-301F-11D3-BF4B-00C04F79EFBC}") = "Service", "Service\Service.csproj", "{FE4D4DEE-C5E9-4CE0-84A0-388F3E973C41}"
EndProject
Project("{FAE04EC0-301F-11D3-BF4B-00C04F79EFBC}") = "Presentation", "Presentation\Presentation.csproj", "{A5F213D4-AEFC-4B1F-BFBC-A54F55005015}"
EndProject
Project("{FAE04EC0-301F-11D3-BF4B-00C04F79EFBC}") = "Shared", "Shared\Shared.csproj", "{7A377F16-528D-4550-BE7D-A125616A8C66}"
EndProject
Global
	GlobalSection(SolutionConfigurationPlatforms) = preSolution
		Debug|Any CPU = Debug|Any CPU
		Release|Any CPU = Release|Any CPU
	EndGlobalSection
	GlobalSection(ProjectConfigurationPlatforms) = postSolution
		{9F120D13-9525-442F-9FA8-C56945B0F0F9}.Debug|Any CPU.ActiveCfg = Debug|Any CPU
		{9F120D13-9525-442F-9FA8-C56945B0F0F9}.Debug|Any CPU.Build.0 = Debug|Any CPU
		{9F120D13-9525-442F-9FA8-C56945B0F0F9}.Release|Any CPU.ActiveCfg = Release|Any CPU
		{9F120D13-9525-442F-9FA8-C56945B0F0F9}.Release|Any CPU.Build.0 = Release|Any CPU
		{C8374F4F-EBB9-4CBB-8C61-3B9AAF2BF9FF}.Debug|Any CPU.ActiveCfg = Debug|Any CPU
		{C8374F4F-EBB9-4CBB-8C61-3B9AAF2BF9FF}.Debug|Any CPU.Build.0 = Debug|Any CPU
		{C8374F4F-EBB9-4CBB-8C61-3B9AAF2BF9FF}.Release|Any CPU.ActiveCfg = Release|Any CPU
		{C8374F4F-EBB9-4CBB-8C61-3B9AAF2BF9FF}.Release|Any CPU.Build.0 = Release|Any CPU
		{8809E4CD-6A4A-4F21-AFD1-9D7B41054120}.Debug|Any CPU.ActiveCfg = Debug|Any CPU
		{8809E4CD-6A4A-4F21-AFD1-9D7B41054120}.Debug|Any CPU.Build.0 = Debug|Any CPU
		{8809E4CD-6A4A-4F21-AFD1-9D7B41054120}.Release|Any CPU.ActiveCfg = Release|Any CPU
		{8809E4CD-6A4A-4F21-AFD1-9D7B41054120}.Release|Any CPU.Build.0 = Release|Any CPU
		{57282B04-9C6C-4F05-BDB9-240D4DC9AC29}.Debug|Any CPU.ActiveCfg = Debug|Any CPU
		{57282B04-9C6C-4F05-BDB9-240D4DC9AC29}.Debug|Any CPU.Build.0 = Debug|Any CPU
		{57282B04-9C6C-4F05-BDB9-240D4DC9AC29}.Release|Any CPU.ActiveCfg = Release|Any CPU
		{57282B04-9C6C-4F05-BDB9-240D4DC9AC29}.Release|Any CPU.Build.0 = Release|Any CPU
		{7879A258-C88D-478E-98BD-9AEEC5BD08E3}.Debug|Any CPU.ActiveCfg = Debug|Any CPU
		{7879A258-C88D-478E-98BD-9AEEC5BD08E3}.Debug|Any CPU.Build.0 = Debug|Any CPU
		{7879A258-C88D-478E-98BD-9AEEC5BD08E3}.Release|Any CPU.ActiveCfg = Release|Any CPU
		{7879A258-C88D-478E-98BD-9AEEC5BD08E3}.Release|Any CPU.Build.0 = Release|Any CPU
		{CC83F846-F1F7-4575-BEB7-03BB56438948}.Debug|Any CPU.ActiveCfg = Debug|Any CPU
		{CC83F846-F1F7-4575-BEB7-03BB56438948}.Debug|Any CPU.Build.0 = Debug|Any CPU
		{CC83F846-F1F7-4575-BEB7-03BB56438948}.Release|Any CPU.ActiveCfg = Release|Any CPU
		{CC83F846-F1F7-4575-BEB7-03BB56438948}.Release|Any CPU.Build.0 = Release|Any CPU
		{FE4D4DEE-C5E9-4CE0-84A0-388F3E973C41}.Debug|Any CPU.ActiveCfg = Debug|Any CPU
		{FE4D4DEE-C5E9-4CE0-84A0-388F3E973C41}.Debug|Any CPU.Build.0 = Debug|Any CPU
		{FE4D4DEE-C5E9-4CE0-84A0-388F3E973C41}.Release|Any CPU.ActiveCfg = Release|Any CPU
		{FE4D4DEE-C5E9-4CE0-84A0-388F3E973C41}.Release|Any CPU.Build.0 = Release|Any CPU
		{A5F213D4-AEFC-4B1F-BFBC-A54F55005015}.Debug|Any CPU.ActiveCfg = Debug|Any CPU
		{A5F213D4-AEFC-4B1F-BFBC-A54F55005015}.Debug|Any CPU.Build.0 = Debug|Any CPU
		{A5F213D4-AEFC-4B1F-BFBC-A54F55005015}.Release|Any CPU.ActiveCfg = Release|Any CPU
		{A5F213D4-AEFC-4B1F-BFBC-A54F55005015}.Release|Any CPU.Build.0 = Release|Any CPU
		{7A377F16-528D-4550-BE7D-A125616A8C66}.Debug|Any CPU.ActiveCfg = Debug|Any CPU
		{7A377F16-528D-4550-BE7D-A125616A8C66}.Debug|Any CPU.Build.0 = Debug|Any CPU
		{7A377F16-528D-4550-BE7D-A125616A8C66}.Release|Any CPU.ActiveCfg = Release|Any CPU
		{7A377F16-528D-4550-BE7D-A125616A8C66}.Release|Any CPU.Build.0 = Release|Any CPU
	EndGlobalSection
EndGlobal
